
Microsoft Visual Studio Solution File, Format Version 12.00
# Visual Studio 14
VisualStudioVersion = 14.0.24720.0
MinimumVisualStudioVersion = 10.0.40219.1
Project("{FAE04EC0-301F-11D3-BF4B-00C04F79EFBC}") = "IdentityServer3.Contrib.Configuration", "IdentityServer3.Contrib.Configuration\IdentityServer3.Contrib.Configuration.csproj", "{2E385A43-D111-41F8-8AD2-DEB3F0568958}"
EndProject
Project("{FAE04EC0-301F-11D3-BF4B-00C04F79EFBC}") = "IdentityServer3.Contrib.Configuration.Test", "IdentityServer3.Contrib.Configuration.Test\IdentityServer3.Contrib.Configuration.Test.csproj", "{C815A141-C57E-43AA-B079-ED73D56AA45F}"
EndProject
Global
	GlobalSection(SolutionConfigurationPlatforms) = preSolution
		Debug|Any CPU = Debug|Any CPU
		Release|Any CPU = Release|Any CPU
	EndGlobalSection
	GlobalSection(ProjectConfigurationPlatforms) = postSolution
		{2E385A43-D111-41F8-8AD2-DEB3F0568958}.Debug|Any CPU.ActiveCfg = Debug|Any CPU
		{2E385A43-D111-41F8-8AD2-DEB3F0568958}.Debug|Any CPU.Build.0 = Debug|Any CPU
		{2E385A43-D111-41F8-8AD2-DEB3F0568958}.Release|Any CPU.ActiveCfg = Release|Any CPU
		{2E385A43-D111-41F8-8AD2-DEB3F0568958}.Release|Any CPU.Build.0 = Release|Any CPU
		{C815A141-C57E-43AA-B079-ED73D56AA45F}.Debug|Any CPU.ActiveCfg = Debug|Any CPU
		{C815A141-C57E-43AA-B079-ED73D56AA45F}.Debug|Any CPU.Build.0 = Debug|Any CPU
		{C815A141-C57E-43AA-B079-ED73D56AA45F}.Release|Any CPU.ActiveCfg = Release|Any CPU
		{C815A141-C57E-43AA-B079-ED73D56AA45F}.Release|Any CPU.Build.0 = Release|Any CPU
	EndGlobalSection
	GlobalSection(SolutionProperties) = preSolution
		HideSolutionNode = FALSE
	EndGlobalSection
EndGlobal
